
Microsoft Visual Studio Solution File, Format Version 12.00
# Visual Studio Version 16
VisualStudioVersion = 16.0.29418.71
MinimumVisualStudioVersion = 10.0.40219.1
Project("{FAE04EC0-301F-11D3-BF4B-00C04F79EFBC}") = "Programma84", "Programma84.csproj", "{2A579089-A563-4B1E-8C99-D833C1F48ACD}"
EndProject
Global
	GlobalSection(SolutionConfigurationPlatforms) = preSolution
		Debug|Any CPU = Debug|Any CPU
		Release|Any CPU = Release|Any CPU
	EndGlobalSection
	GlobalSection(ProjectConfigurationPlatforms) = postSolution
		{2A579089-A563-4B1E-8C99-D833C1F48ACD}.Debug|Any CPU.ActiveCfg = Debug|Any CPU
		{2A579089-A563-4B1E-8C99-D833C1F48ACD}.Debug|Any CPU.Build.0 = Debug|Any CPU
		{2A579089-A563-4B1E-8C99-D833C1F48ACD}.Release|Any CPU.ActiveCfg = Release|Any CPU
		{2A579089-A563-4B1E-8C99-D833C1F48ACD}.Release|Any CPU.Build.0 = Release|Any CPU
	EndGlobalSection
	GlobalSection(SolutionProperties) = preSolution
		HideSolutionNode = FALSE
	EndGlobalSection
	GlobalSection(ExtensibilityGlobals) = postSolution
		SolutionGuid = {114D1234-81B3-48AD-B914-ECFFD39B9A8E}
	EndGlobalSection
EndGlobal
